
Microsoft Visual Studio Solution File, Format Version 12.00
# Visual Studio Version 17
VisualStudioVersion = 17.14.37203.1
MinimumVisualStudioVersion = 10.0.40219.1
Project("{FAE04EC0-301F-11D3-BF4B-00C04F79EFBC}") = "MauiJogodaVelha", "MauiJogodaVelha.csproj", "{031AF280-D90A-4F1D-8FD0-27E8B063912C}"
EndProject
Global
	GlobalSection(SolutionConfigurationPlatforms) = preSolution
		Debug|Any CPU = Debug|Any CPU
		Release|Any CPU = Release|Any CPU
	EndGlobalSection
	GlobalSection(ProjectConfigurationPlatforms) = postSolution
		{031AF280-D90A-4F1D-8FD0-27E8B063912C}.Debug|Any CPU.ActiveCfg = Release|Any CPU
		{031AF280-D90A-4F1D-8FD0-27E8B063912C}.Debug|Any CPU.Build.0 = Release|Any CPU
		{031AF280-D90A-4F1D-8FD0-27E8B063912C}.Debug|Any CPU.Deploy.0 = Release|Any CPU
		{031AF280-D90A-4F1D-8FD0-27E8B063912C}.Release|Any CPU.ActiveCfg = Release|Any CPU
		{031AF280-D90A-4F1D-8FD0-27E8B063912C}.Release|Any CPU.Build.0 = Release|Any CPU
	EndGlobalSection
	GlobalSection(SolutionProperties) = preSolution
		HideSolutionNode = FALSE
	EndGlobalSection
	GlobalSection(ExtensibilityGlobals) = postSolution
		SolutionGuid = {DB909686-29DF-4E3C-B10D-186B48F877A3}
	EndGlobalSection
EndGlobal
